// !$*UTF8*$!
{
	archiveVersion = 1;
	classes = {
	};
	objectVersion = 56;
	objects = {

/* Begin PBXBuildFile section */
		3078F54D2B1E2D2700A44771 /* GoingToTownApp.swift in Sources */ = {isa = PBXBuildFile; fileRef = 3078F54C2B1E2D2700A44771 /* GoingToTownApp.swift */; };
		3078F54F2B1E2D2700A44771 /* ContentView.swift in Sources */ = {isa = PBXBuildFile; fileRef = 3078F54E2B1E2D2700A44771 /* ContentView.swift */; };
		3078F5512B1E2D2A00A44771 /* Assets.xcassets in Resources */ = {isa = PBXBuildFile; fileRef = 3078F5502B1E2D2A00A44771 /* Assets.xcassets */; };
		3078F5542B1E2D2A00A44771 /* Preview Assets.xcassets in Resources */ = {isa = PBXBuildFile; fileRef = 3078F5532B1E2D2A00A44771 /* Preview Assets.xcassets */; };
		3078F55E2B1E2D2A00A44771 /* GoingToTownTests.swift in Sources */ = {isa = PBXBuildFile; fileRef = 3078F55D2B1E2D2A00A44771 /* GoingToTownTests.swift */; };
		3078F5682B1E2D2A00A44771 /* GoingToTownUITests.swift in Sources */ = {isa = PBXBuildFile; fileRef = 3078F5672B1E2D2A00A44771 /* GoingToTownUITests.swift */; };
		3078F56A2B1E2D2A00A44771 /* GoingToTownUITestsLaunchTests.swift in Sources */ = {isa = PBXBuildFile; fileRef = 3078F5692B1E2D2A00A44771 /* GoingToTownUITestsLaunchTests.swift */; };
		3078F5772B235D2500A44771 /* HomeScreen.swift in Sources */ = {isa = PBXBuildFile; fileRef = 3078F5762B235D2500A44771 /* HomeScreen.swift */; };
/* End PBXBuildFile section */

/* Begin PBXContainerItemProxy section */
		3078F55A2B1E2D2A00A44771 /* PBXContainerItemProxy */ = {
			isa = PBXContainerItemProxy;
			containerPortal = 3078F5412B1E2D2700A44771 /* Project object */;
			proxyType = 1;
			remoteGlobalIDString = 3078F5482B1E2D2700A44771;
			remoteInfo = GoingToTown;
		};
		3078F5642B1E2D2A00A44771 /* PBXContainerItemProxy */ = {
			isa = PBXContainerItemProxy;
			containerPortal = 3078F5412B1E2D2700A44771 /* Project object */;
			proxyType = 1;
			remoteGlobalIDString = 3078F5482B1E2D2700A44771;
			remoteInfo = GoingToTown;
		};
/* End PBXContainerItemProxy section */

/* Begin PBXFileReference section */
		3078F5492B1E2D2700A44771 /* GoingToTown.app */ = {isa = PBXFileReference; explicitFileType = wrapper.application; includeInIndex = 0; path = GoingToTown.app; sourceTree = BUILT_PRODUCTS_DIR; };
		3078F54C2B1E2D2700A44771 /* GoingToTownApp.swift */ = {isa = PBXFileReference; lastKnownFileType = sourcecode.swift; path = GoingToTownApp.swift; sourceTree = "<group>"; };
		3078F54E2B1E2D2700A44771 /* ContentView.swift */ = {isa = PBXFileReference; lastKnownFileType = sourcecode.swift; path = ContentView.swift; sourceTree = "<group>"; };
		3078F5502B1E2D2A00A44771 /* Assets.xcassets */ = {isa = PBXFileReference; lastKnownFileType = folder.assetcatalog; path = Assets.xcassets; sourceTree = "<group>"; };
		3078F5532B1E2D2A00A44771 /* Preview Assets.xcassets */ = {isa = PBXFileReference; lastKnownFileType = folder.assetcatalog; path = "Preview Assets.xcassets"; sourceTree = "<group>"; };
		3078F5592B1E2D2A00A44771 /* GoingToTownTests.xctest */ = {isa = PBXFileReference; explicitFileType = wrapper.cfbundle; includeInIndex = 0; path = GoingToTownTests.xctest; sourceTree = BUILT_PRODUCTS_DIR; };
		3078F55D2B1E2D2A00A44771 /* GoingToTownTests.swift */ = {isa = PBXFileReference; lastKnownFileType = sourcecode.swift; path = GoingToTownTests.swift; sourceTree = "<group>"; };
		3078F5632B1E2D2A00A44771 /* GoingToTownUITests.xctest */ = {isa = PBXFileReference; explicitFileType = wrapper.cfbundle; includeInIndex = 0; path = GoingToTownUITests.xctest; sourceTree = BUILT_PRODUCTS_DIR; };
		3078F5672B1E2D2A00A44771 /* GoingToTownUITests.swift */ = {isa = PBXFileReference; lastKnownFileType = sourcecode.swift; path = GoingToTownUITests.swift; sourceTree = "<group>"; };
		3078F5692B1E2D2A00A44771 /* GoingToTownUITestsLaunchTests.swift */ = {isa = PBXFileReference; lastKnownFileType = sourcecode.swift; path = GoingToTownUITestsLaunchTests.swift; sourceTree = "<group>"; };
		3078F5762B235D2500A44771 /* HomeScreen.swift */ = {isa = PBXFileReference; lastKnownFileType = sourcecode.swift; path = HomeScreen.swift; sourceTree = "<group>"; };
/* End PBXFileReference section */

/* Begin PBXFrameworksBuildPhase section */
		3078F5462B1E2D2700A44771 /* Frameworks */ = {
			isa = PBXFrameworksBuildPhase;
			buildActionMask = 2147483647;
			files = (
			);
			runOnlyForDeploymentPostprocessing = 0;
		};
		3078F5562B1E2D2A00A44771 /* Frameworks */ = {
			isa = PBXFrameworksBuildPhase;
			buildActionMask = 2147483647;
			files = (
			);
			runOnlyForDeploymentPostprocessing = 0;
		};
		3078F5602B1E2D2A00A44771 /* Frameworks */ = {
			isa = PBXFrameworksBuildPhase;
			buildActionMask = 2147483647;
			files = (
			);
			runOnlyForDeploymentPostprocessing = 0;
		};
/* End PBXFrameworksBuildPhase section */

/* Begin PBXGroup section */
		3078F5402B1E2D2700A44771 = {
			isa = PBXGroup;
			children = (
				3078F54B2B1E2D2700A44771 /* GoingToTown */,
				3078F55C2B1E2D2A00A44771 /* GoingToTownTests */,
				3078F5662B1E2D2A00A44771 /* GoingToTownUITests */,
				3078F54A2B1E2D2700A44771 /* Products */,
			);
			sourceTree = "<group>";
		};
		3078F54A2B1E2D2700A44771 /* Products */ = {
			isa = PBXGroup;
			children = (
				3078F5492B1E2D2700A44771 /* GoingToTown.app */,
				3078F5592B1E2D2A00A44771 /* GoingToTownTests.xctest */,
				3078F5632B1E2D2A00A44771 /* GoingToTownUITests.xctest */,
			);
			name = Products;
			sourceTree = "<group>";
		};
		3078F54B2B1E2D2700A44771 /* GoingToTown */ = {
			isa = PBXGroup;
			children = (
				3078F54C2B1E2D2700A44771 /* GoingToTownApp.swift */,
				3078F54E2B1E2D2700A44771 /* ContentView.swift */,
				3078F5762B235D2500A44771 /* HomeScreen.swift */,
				3078F5502B1E2D2A00A44771 /* Assets.xcassets */,
				3078F5522B1E2D2A00A44771 /* Preview Content */,
			);
			path = GoingToTown;
			sourceTree = "<group>";
		};
		3078F5522B1E2D2A00A44771 /* Preview Content */ = {
			isa = PBXGroup;
			children = (
				3078F5532B1E2D2A00A44771 /* Preview Assets.xcassets */,
			);
			path = "Preview Content";
			sourceTree = "<group>";
		};
		3078F55C2B1E2D2A00A44771 /* GoingToTownTests */ = {
			isa = PBXGroup;
			children = (
				3078F55D2B1E2D2A00A44771 /* GoingToTownTests.swift */,
			);
			path = GoingToTownTests;
			sourceTree = "<group>";
		};
		3078F5662B1E2D2A00A44771 /* GoingToTownUITests */ = {
			isa = PBXGroup;
			children = (
				3078F5672B1E2D2A00A44771 /* GoingToTownUITests.swift */,
				3078F5692B1E2D2A00A44771 /* GoingToTownUITestsLaunchTests.swift */,
			);
			path = GoingToTownUITests;
			sourceTree = "<group>";
		};
/* End PBXGroup section */

/* Begin PBXNativeTarget section */
		3078F5482B1E2D2700A44771 /* GoingToTown */ = {
			isa = PBXNativeTarget;
			buildConfigurationList = 3078F56D2B1E2D2A00A44771 /* Build configuration list for PBXNativeTarget "GoingToTown" */;
			buildPhases = (
				3078F5452B1E2D2700A44771 /* Sources */,
				3078F5462B1E2D2700A44771 /* Frameworks */,
				3078F5472B1E2D2700A44771 /* Resources */,
			);
			buildRules = (
			);
			dependencies = (
			);
			name = GoingToTown;
			productName = GoingToTown;
			productReference = 3078F5492B1E2D2700A44771 /* GoingToTown.app */;
			productType = "com.apple.product-type.application";
		};
		3078F5582B1E2D2A00A44771 /* GoingToTownTests */ = {
			isa = PBXNativeTarget;
			buildConfigurationList = 3078F5702B1E2D2A00A44771 /* Build configuration list for PBXNativeTarget "GoingToTownTests" */;
			buildPhases = (
				3078F5552B1E2D2A00A44771 /* Sources */,
				3078F5562B1E2D2A00A44771 /* Frameworks */,
				3078F5572B1E2D2A00A44771 /* Resources */,
			);
			buildRules = (
			);
			dependencies = (
				3078F55B2B1E2D2A00A44771 /* PBXTargetDependency */,
			);
			name = GoingToTownTests;
			productName = GoingToTownTests;
			productReference = 3078F5592B1E2D2A00A44771 /* GoingToTownTests.xctest */;
			productType = "com.apple.product-type.bundle.unit-test";
		};
		3078F5622B1E2D2A00A44771 /* GoingToTownUITests */ = {
			isa = PBXNativeTarget;
			buildConfigurationList = 3078F5732B1E2D2A00A44771 /* Build configuration list for PBXNativeTarget "GoingToTownUITests" */;
			buildPhases = (
				3078F55F2B1E2D2A00A44771 /* Sources */,
				3078F5602B1E2D2A00A44771 /* Frameworks */,
				3078F5612B1E2D2A00A44771 /* Resources */,
			);
			buildRules = (
			);
			dependencies = (
				3078F5652B1E2D2A00A44771 /* PBXTargetDependency */,
			);
			name = GoingToTownUITests;
			productName = GoingToTownUITests;
			productReference = 3078F5632B1E2D2A00A44771 /* GoingToTownUITests.xctest */;
			productType = "com.apple.product-type.bundle.ui-testing";
		};
/* End PBXNativeTarget section */

/* Begin PBXProject section */
		3078F5412B1E2D2700A44771 /* Project object */ = {
			isa = PBXProject;
			attributes = {
				BuildIndependentTargetsInParallel = 1;
				LastSwiftUpdateCheck = 1500;
				LastUpgradeCheck = 1500;
				TargetAttributes = {
					3078F5482B1E2D2700A44771 = {
						CreatedOnToolsVersion = 15.0;
					};
					3078F5582B1E2D2A00A44771 = {
						CreatedOnToolsVersion = 15.0;
						TestTargetID = 3078F5482B1E2D2700A44771;
					};
					3078F5622B1E2D2A00A44771 = {
						CreatedOnToolsVersion = 15.0;
						TestTargetID = 3078F5482B1E2D2700A44771;
					};
				};
			};
			buildConfigurationList = 3078F5442B1E2D2700A44771 /* Build configuration list for PBXProject "GoingToTown" */;
			compatibilityVersion = "Xcode 14.0";
			developmentRegion = en;
			hasScannedForEncodings = 0;
			knownRegions = (
				en,
				Base,
			);
			mainGroup = 3078F5402B1E2D2700A44771;
			productRefGroup = 3078F54A2B1E2D2700A44771 /* Products */;
			projectDirPath = "";
			projectRoot = "";
			targets = (
				3078F5482B1E2D2700A44771 /* GoingToTown */,
				3078F5582B1E2D2A00A44771 /* GoingToTownTests */,
				3078F5622B1E2D2A00A44771 /* GoingToTownUITests */,
			);
		};
/* End PBXProject section */

/* Begin PBXResourcesBuildPhase section */
		3078F5472B1E2D2700A44771 /* Resources */ = {
			isa = PBXResourcesBuildPhase;
			buildActionMask = 2147483647;
			files = (
				3078F5542B1E2D2A00A44771 /* Preview Assets.xcassets in Resources */,
				3078F5512B1E2D2A00A44771 /* Assets.xcassets in Resources */,
			);
			runOnlyForDeploymentPostprocessing = 0;
		};
		3078F5572B1E2D2A00A44771 /* Resources */ = {
			isa = PBXResourcesBuildPhase;
			buildActionMask = 2147483647;
			files = (
			);
			runOnlyForDeploymentPostprocessing = 0;
		};
		3078F5612B1E2D2A00A44771 /* Resources */ = {
			isa = PBXResourcesBuildPhase;
			buildActionMask = 2147483647;
			files = (
			);
			runOnlyForDeploymentPostprocessing = 0;
		};
/* End PBXResourcesBuildPhase section */

/* Begin PBXSourcesBuildPhase section */
		3078F5452B1E2D2700A44771 /* Sources */ = {
			isa = PBXSourcesBuildPhase;
			buildActionMask = 2147483647;
			files = (
				3078F54F2B1E2D2700A44771 /* ContentView.swift in Sources */,
				3078F54D2B1E2D2700A44771 /* GoingToTownApp.swift in Sources */,
				3078F5772B235D2500A44771 /* HomeScreen.swift in Sources */,
			);
			runOnlyForDeploymentPostprocessing = 0;
		};
		3078F5552B1E2D2A00A44771 /* Sources */ = {
			isa = PBXSourcesBuildPhase;
			buildActionMask = 2147483647;
			files = (
				3078F55E2B1E2D2A00A44771 /* GoingToTownTests.swift in Sources */,
			);
			runOnlyForDeploymentPostprocessing = 0;
		};
		3078F55F2B1E2D2A00A44771 /* Sources */ = {
			isa = PBXSourcesBuildPhase;
			buildActionMask = 2147483647;
			files = (
				3078F56A2B1E2D2A00A44771 /* GoingToTownUITestsLaunchTests.swift in Sources */,
				3078F5682B1E2D2A00A44771 /* GoingToTownUITests.swift in Sources */,
			);
			runOnlyForDeploymentPostprocessing = 0;
		};
/* End PBXSourcesBuildPhase section */

/* Begin PBXTargetDependency section */
		3078F55B2B1E2D2A00A44771 /* PBXTargetDependency */ = {
			isa = PBXTargetDependency;
			target = 3078F5482B1E2D2700A44771 /* GoingToTown */;
			targetProxy = 3078F55A2B1E2D2A00A44771 /* PBXContainerItemProxy */;
		};
		3078F5652B1E2D2A00A44771 /* PBXTargetDependency */ = {
			isa = PBXTargetDependency;
			target = 3078F5482B1E2D2700A44771 /* GoingToTown */;
			targetProxy = 3078F5642B1E2D2A00A44771 /* PBXContainerItemProxy */;
		};
/* End PBXTargetDependency section */

/* Begin XCBuildConfiguration section */
		3078F56B2B1E2D2A00A44771 /* Debug */ = {
			isa = XCBuildConfiguration;
			buildSettings = {
				ALWAYS_SEARCH_USER_PATHS = NO;
				ASSETCATALOG_COMPILER_GENERATE_SWIFT_ASSET_SYMBOL_EXTENSIONS = YES;
				CLANG_ANALYZER_NONNULL = YES;
				CLANG_ANALYZER_NUMBER_OBJECT_CONVERSION = YES_AGGRESSIVE;
				CLANG_CXX_LANGUAGE_STANDARD = "gnu++20";
				CLANG_ENABLE_MODULES = YES;
				CLANG_ENABLE_OBJC_ARC = YES;
				CLANG_ENABLE_OBJC_WEAK = YES;
				CLANG_WARN_BLOCK_CAPTURE_AUTORELEASING = YES;
				CLANG_WARN_BOOL_CONVERSION = YES;
				CLANG_WARN_COMMA = YES;
				CLANG_WARN_CONSTANT_CONVERSION = YES;
				CLANG_WARN_DEPRECATED_OBJC_IMPLEMENTATIONS = YES;
				CLANG_WARN_DIRECT_OBJC_ISA_USAGE = YES_ERROR;
				CLANG_WARN_DOCUMENTATION_COMMENTS = YES;
				CLANG_WARN_EMPTY_BODY = YES;
				CLANG_WARN_ENUM_CONVERSION = YES;
				CLANG_WARN_INFINITE_RECURSION = YES;
				CLANG_WARN_INT_CONVERSION = YES;
				CLANG_WARN_NON_LITERAL_NULL_CONVERSION = YES;
				CLANG_WARN_OBJC_IMPLICIT_RETAIN_SELF = YES;
				CLANG_WARN_OBJC_LITERAL_CONVERSION = YES;
				CLANG_WARN_OBJC_ROOT_CLASS = YES_ERROR;
				CLANG_WARN_QUOTED_INCLUDE_IN_FRAMEWORK_HEADER = YES;
				CLANG_WARN_RANGE_LOOP_ANALYSIS = YES;
				CLANG_WARN_STRICT_PROTOTYPES = YES;
				CLANG_WARN_SUSPICIOUS_MOVE = YES;
				CLANG_WARN_UNGUARDED_AVAILABILITY = YES_AGGRESSIVE;
				CLANG_WARN_UNREACHABLE_CODE = YES;
				CLANG_WARN__DUPLICATE_METHOD_MATCH = YES;
				COPY_PHASE_STRIP = NO;
				DEBUG_INFORMATION_FORMAT = dwarf;
				ENABLE_STRICT_OBJC_MSGSEND = YES;
				ENABLE_TESTABILITY = YES;
				ENABLE_USER_SCRIPT_SANDBOXING = YES;
				GCC_C_LANGUAGE_STANDARD = gnu17;
				GCC_DYNAMIC_NO_PIC = NO;
				GCC_NO_COMMON_BLOCKS = YES;
				GCC_OPTIMIZATION_LEVEL = 0;
				GCC_PREPROCESSOR_DEFINITIONS = (
					"DEBUG=1",
					"$(inherited)",
				);
				GCC_WARN_64_TO_32_BIT_CONVERSION = YES;
				GCC_WARN_ABOUT_RETURN_TYPE = YES_ERROR;
				GCC_WARN_UNDECLARED_SELECTOR = YES;
				GCC_WARN_UNINITIALIZED_AUTOS = YES_AGGRESSIVE;
				GCC_WARN_UNUSED_FUNCTION = YES;
				GCC_WARN_UNUSED_VARIABLE = YES;
				IPHONEOS_DEPLOYMENT_TARGET = 17.0;
				LOCALIZATION_PREFERS_STRING_CATALOGS = YES;
				MTL_ENABLE_DEBUG_INFO = INCLUDE_SOURCE;
				MTL_FAST_MATH = YES;
				ONLY_ACTIVE_ARCH = YES;
				SDKROOT = iphoneos;
				SWIFT_ACTIVE_COMPILATION_CONDITIONS = "DEBUG $(inherited)";
				SWIFT_OPTIMIZATION_LEVEL = "-Onone";
			};
			name = Debug;
		};
		3078F56C2B1E2D2A00A44771 /* Release */ = {
			isa = XCBuildConfiguration;
			buildSettings = {
				ALWAYS_SEARCH_USER_PATHS = NO;
				ASSETCATALOG_COMPILER_GENERATE_SWIFT_ASSET_SYMBOL_EXTENSIONS = YES;
				CLANG_ANALYZER_NONNULL = YES;
				CLANG_ANALYZER_NUMBER_OBJECT_CONVERSION = YES_AGGRESSIVE;
				CLANG_CXX_LANGUAGE_STANDARD = "gnu++20";
				CLANG_ENABLE_MODULES = YES;
				CLANG_ENABLE_OBJC_ARC = YES;
				CLANG_ENABLE_OBJC_WEAK = YES;
				CLANG_WARN_BLOCK_CAPTURE_AUTORELEASING = YES;
				CLANG_WARN_BOOL_CONVERSION = YES;
				CLANG_WARN_COMMA = YES;
				CLANG_WARN_CONSTANT_CONVERSION = YES;
				CLANG_WARN_DEPRECATED_OBJC_IMPLEMENTATIONS = YES;
				CLANG_WARN_DIRECT_OBJC_ISA_USAGE = YES_ERROR;
				CLANG_WARN_DOCUMENTATION_COMMENTS = YES;
				CLANG_WARN_EMPTY_BODY = YES;
				CLANG_WARN_ENUM_CONVERSION = YES;
				CLANG_WARN_INFINITE_RECURSION = YES;
				CLANG_WARN_INT_CONVERSION = YES;
				CLANG_WARN_NON_LITERAL_NULL_CONVERSION = YES;
				CLANG_WARN_OBJC_IMPLICIT_RETAIN_SELF = YES;
				CLANG_WARN_OBJC_LITERAL_CONVERSION = YES;
				CLANG_WARN_OBJC_ROOT_CLASS = YES_ERROR;
				CLANG_WARN_QUOTED_INCLUDE_IN_FRAMEWORK_HEADER = YES;
				CLANG_WARN_RANGE_LOOP_ANALYSIS = YES;
				CLANG_WARN_STRICT_PROTOTYPES = YES;
				CLANG_WARN_SUSPICIOUS_MOVE = YES;
				CLANG_WARN_UNGUARDED_AVAILABILITY = YES_AGGRESSIVE;
				CLANG_WARN_UNREACHABLE_CODE = YES;
				CLANG_WARN__DUPLICATE_METHOD_MATCH = YES;
				COPY_PHASE_STRIP = NO;
				DEBUG_INFORMATION_FORMAT = "dwarf-with-dsym";
				ENABLE_NS_ASSERTIONS = NO;
				ENABLE_STRICT_OBJC_MSGSEND = YES;
				ENABLE_USER_SCRIPT_SANDBOXING = YES;
				GCC_C_LANGUAGE_STANDARD = gnu17;
				GCC_NO_COMMON_BLOCKS = YES;
				GCC_WARN_64_TO_32_BIT_CONVERSION = YES;
				GCC_WARN_ABOUT_RETURN_TYPE = YES_ERROR;
				GCC_WARN_UNDECLARED_SELECTOR = YES;
				GCC_WARN_UNINITIALIZED_AUTOS = YES_AGGRESSIVE;
				GCC_WARN_UNUSED_FUNCTION = YES;
				GCC_WARN_UNUSED_VARIABLE = YES;
				IPHONEOS_DEPLOYMENT_TARGET = 17.0;
				LOCALIZATION_PREFERS_STRING_CATALOGS = YES;
				MTL_ENABLE_DEBUG_INFO = NO;
				MTL_FAST_MATH = YES;
				SDKROOT = iphoneos;
				SWIFT_COMPILATION_MODE = wholemodule;
				VALIDATE_PRODUCT = YES;
			};
			name = Release;
		};
		3078F56E2B1E2D2A00A44771 /* Debug */ = {
			isa = XCBuildConfiguration;
			buildSettings = {
				ASSETCATALOG_COMPILER_APPICON_NAME = AppIcon;
				ASSETCATALOG_COMPILER_GLOBAL_ACCENT_COLOR_NAME = AccentColor;
				CODE_SIGN_STYLE = Automatic;
				CURRENT_PROJECT_VERSION = 1;
				DEVELOPMENT_ASSET_PATHS = "\"GoingToTown/Preview Content\"";
				DEVELOPMENT_TEAM = NX45SC475G;
				ENABLE_PREVIEWS = YES;
				GENERATE_INFOPLIST_FILE = YES;
				INFOPLIST_KEY_UIApplicationSceneManifest_Generation = YES;
				INFOPLIST_KEY_UIApplicationSupportsIndirectInputEvents = YES;
				INFOPLIST_KEY_UILaunchScreen_Generation = YES;
				INFOPLIST_KEY_UISupportedInterfaceOrientations_iPad = "UIInterfaceOrientationPortrait UIInterfaceOrientationPortraitUpsideDown UIInterfaceOrientationLandscapeLeft UIInterfaceOrientationLandscapeRight";
				INFOPLIST_KEY_UISupportedInterfaceOrientations_iPhone = "UIInterfaceOrientationPortrait UIInterfaceOrientationLandscapeLeft UIInterfaceOrientationLandscapeRight";
				LD_RUNPATH_SEARCH_PATHS = (
					"$(inherited)",
					"@executable_path/Frameworks",
				);
				MARKETING_VERSION = 1.0;
				PRODUCT_BUNDLE_IDENTIFIER = "https---github.com-BaptistChristesen.GoingToTown";
				PRODUCT_NAME = "$(TARGET_NAME)";
				SWIFT_EMIT_LOC_STRINGS = YES;
				SWIFT_VERSION = 5.0;
				TARGETED_DEVICE_FAMILY = "1,2";
			};
			name = Debug;
		};
		3078F56F2B1E2D2A00A44771 /* Release */ = {
			isa = XCBuildConfiguration;
			buildSettings = {
				ASSETCATALOG_COMPILER_APPICON_NAME = AppIcon;
				ASSETCATALOG_COMPILER_GLOBAL_ACCENT_COLOR_NAME = AccentColor;
				CODE_SIGN_STYLE = Automatic;
				CURRENT_PROJECT_VERSION = 1;
				DEVELOPMENT_ASSET_PATHS = "\"GoingToTown/Preview Content\"";
				DEVELOPMENT_TEAM = NX45SC475G;
				ENABLE_PREVIEWS = YES;
				GENERATE_INFOPLIST_FILE = YES;
				INFOPLIST_KEY_UIApplicationSceneManifest_Generation = YES;
				INFOPLIST_KEY_UIApplicationSupportsIndirectInputEvents = YES;
				INFOPLIST_KEY_UILaunchScreen_Generation = YES;
				INFOPLIST_KEY_UISupportedInterfaceOrientations_iPad = "UIInterfaceOrientationPortrait UIInterfaceOrientationPortraitUpsideDown UIInterfaceOrientationLandscapeLeft UIInterfaceOrientationLandscapeRight";
				INFOPLIST_KEY_UISupportedInterfaceOrientations_iPhone = "UIInterfaceOrientationPortrait UIInterfaceOrientationLandscapeLeft UIInterfaceOrientationLandscapeRight";
				LD_RUNPATH_SEARCH_PATHS = (
					"$(inherited)",
					"@executable_path/Frameworks",
				);
				MARKETING_VERSION = 1.0;
				PRODUCT_BUNDLE_IDENTIFIER = "https---github.com-BaptistChristesen.GoingToTown";
				PRODUCT_NAME = "$(TARGET_NAME)";
				SWIFT_EMIT_LOC_STRINGS = YES;
				SWIFT_VERSION = 5.0;
				TARGETED_DEVICE_FAMILY = "1,2";
			};
			name = Release;
		};
		3078F5712B1E2D2A00A44771 /* Debug */ = {
			isa = XCBuildConfiguration;
			buildSettings = {
				ALWAYS_EMBED_SWIFT_STANDARD_LIBRARIES = YES;
				BUNDLE_LOADER = "$(TEST_HOST)";
				CODE_SIGN_STYLE = Automatic;
				CURRENT_PROJECT_VERSION = 1;
				DEVELOPMENT_TEAM = NX45SC475G;
				GENERATE_INFOPLIST_FILE = YES;
				IPHONEOS_DEPLOYMENT_TARGET = 17.0;
				MARKETING_VERSION = 1.0;
				PRODUCT_BUNDLE_IDENTIFIER = "https---github.com-BaptistChristesen.GoingToTownTests";
				PRODUCT_NAME = "$(TARGET_NAME)";
				SWIFT_EMIT_LOC_STRINGS = NO;
				SWIFT_VERSION = 5.0;
				TARGETED_DEVICE_FAMILY = "1,2";
				TEST_HOST = "$(BUILT_PRODUCTS_DIR)/GoingToTown.app/$(BUNDLE_EXECUTABLE_FOLDER_PATH)/GoingToTown";
			};
			name = Debug;
		};
		3078F5722B1E2D2A00A44771 /* Release */ = {
			isa = XCBuildConfiguration;
			buildSettings = {
				ALWAYS_EMBED_SWIFT_STANDARD_LIBRARIES = YES;
				BUNDLE_LOADER = "$(TEST_HOST)";
				CODE_SIGN_STYLE = Automatic;
				CURRENT_PROJECT_VERSION = 1;
				DEVELOPMENT_TEAM = NX45SC475G;
				GENERATE_INFOPLIST_FILE = YES;
				IPHONEOS_DEPLOYMENT_TARGET = 17.0;
				MARKETING_VERSION = 1.0;
				PRODUCT_BUNDLE_IDENTIFIER = "https---github.com-BaptistChristesen.GoingToTownTests";
				PRODUCT_NAME = "$(TARGET_NAME)";
				SWIFT_EMIT_LOC_STRINGS = NO;
				SWIFT_VERSION = 5.0;
				TARGETED_DEVICE_FAMILY = "1,2";
				TEST_HOST = "$(BUILT_PRODUCTS_DIR)/GoingToTown.app/$(BUNDLE_EXECUTABLE_FOLDER_PATH)/GoingToTown";
			};
			name = Release;
		};
		3078F5742B1E2D2A00A44771 /* Debug */ = {
			isa = XCBuildConfiguration;
			buildSettings = {
				ALWAYS_EMBED_SWIFT_STANDARD_LIBRARIES = YES;
				CODE_SIGN_STYLE = Automatic;
				CURRENT_PROJECT_VERSION = 1;
				DEVELOPMENT_TEAM = NX45SC475G;
				GENERATE_INFOPLIST_FILE = YES;
				MARKETING_VERSION = 1.0;
				PRODUCT_BUNDLE_IDENTIFIER = "https---github.com-BaptistChristesen.GoingToTownUITests";
				PRODUCT_NAME = "$(TARGET_NAME)";
				SWIFT_EMIT_LOC_STRINGS = NO;
				SWIFT_VERSION = 5.0;
				TARGETED_DEVICE_FAMILY = "1,2";
				TEST_TARGET_NAME = GoingToTown;
			};
			name = Debug;
		};
		3078F5752B1E2D2A00A44771 /* Release */ = {
			isa = XCBuildConfiguration;
			buildSettings = {
				ALWAYS_EMBED_SWIFT_STANDARD_LIBRARIES = YES;
				CODE_SIGN_STYLE = Automatic;
				CURRENT_PROJECT_VERSION = 1;
				DEVELOPMENT_TEAM = NX45SC475G;
				GENERATE_INFOPLIST_FILE = YES;
				MARKETING_VERSION = 1.0;
				PRODUCT_BUNDLE_IDENTIFIER = "https---github.com-BaptistChristesen.GoingToTownUITests";
				PRODUCT_NAME = "$(TARGET_NAME)";
				SWIFT_EMIT_LOC_STRINGS = NO;
				SWIFT_VERSION = 5.0;
				TARGETED_DEVICE_FAMILY = "1,2";
				TEST_TARGET_NAME = GoingToTown;
			};
			name = Release;
		};
/* End XCBuildConfiguration section */

/* Begin XCConfigurationList section */
		3078F5442B1E2D2700A44771 /* Build configuration list for PBXProject "GoingToTown" */ = {
			isa = XCConfigurationList;
			buildConfigurations = (
				3078F56B2B1E2D2A00A44771 /* Debug */,
				3078F56C2B1E2D2A00A44771 /* Release */,
			);
			defaultConfigurationIsVisible = 0;
			defaultConfigurationName = Release;
		};
		3078F56D2B1E2D2A00A44771 /* Build configuration list for PBXNativeTarget "GoingToTown" */ = {
			isa = XCConfigurationList;
			buildConfigurations = (
				3078F56E2B1E2D2A00A44771 /* Debug */,
				3078F56F2B1E2D2A00A44771 /* Release */,
			);
			defaultConfigurationIsVisible = 0;
			defaultConfigurationName = Release;
		};
		3078F5702B1E2D2A00A44771 /* Build configuration list for PBXNativeTarget "GoingToTownTests" */ = {
			isa = XCConfigurationList;
			buildConfigurations = (
				3078F5712B1E2D2A00A44771 /* Debug */,
				3078F5722B1E2D2A00A44771 /* Release */,
			);
			defaultConfigurationIsVisible = 0;
			defaultConfigurationName = Release;
		};
		3078F5732B1E2D2A00A44771 /* Build configuration list for PBXNativeTarget "GoingToTownUITests" */ = {
			isa = XCConfigurationList;
			buildConfigurations = (
				3078F5742B1E2D2A00A44771 /* Debug */,
				3078F5752B1E2D2A00A44771 /* Release */,
			);
			defaultConfigurationIsVisible = 0;
			defaultConfigurationName = Release;
		};
/* End XCConfigurationList section */
	};
	rootObject = 3078F5412B1E2D2700A44771 /* Project object */;
}
